github.com/go-python/py v0.0.0-20150724143143-adb74cbb1b5b h1:vTYiMD/1XTeL0SwwyVG30JveBV9ZMgJEZBwDcixC/oM=
github.com/go-python/py v0.0.0-20150724143143-adb74cbb1b5b/go.mod h1:FDA9/ZAzj70a4RlKS443aRrgA+IW1WLOWAFKZZ8tHXk=
github.com/gopherjs/gopherjs v0.0.0-20180825215210-0210a2f0f73c h1:16eHWuMGvCjSfgRJKqIzapE78onvvTbdi1rMkU00lZw=
github.com/gopherjs/gopherjs v0.0.0-20180825215210-0210a2f0f73c/go.mod h1:wJfORRmW1u3UXTncJ5qlYoELFm8eSnnEO6hX4iZ3EWY=
github.com/gopherjs/gopherwasm v1.1.0 h1:fA2uLoctU5+T3OhOn2vYP0DVT6pxc7xhTlBB1paATqQ=
github.com/gopherjs/gopherwasm v1.1.0/go.mod h1:SkZ8z7CWBz5VXbhJel8TxCmAcsQqzgWGR/8nMhyhZSI=
github.com/mattn/go-runewidth v0.0.3/go.mod h1:LwmH8dsx7+W8Uxz3IHJYH5QSwggIsqBzpuz5H//U1FU=
github.com/mattn/go-runewidth v0.0.13 h1:lTGmDsbAYt5DmK6OnoV7EuIF1wEIFAcxld6ypU4OSgU=
github.com/mattn/go-runewidth v0.0.13/go.mod h1:Jdepj2loyihRzMpdS35Xk/zdY8IAYHsh153qUoGf23w=
github.com/peterh/liner v1.2.1 h1:O4BlKaq/LWu6VRWmol4ByWfzx6MfXc5Op5HETyIy5yg=
github.com/peterh/liner v1.2.1/go.mod h1:CRroGNssyjTd/qIG2FyxByd2S8JEAZXBl4qUrZf8GS0=
github.com/rivo/uniseg v0.2.0 h1:S1pD9weZBuJdFmowNwbpi7BJ8TNftyUImj/0WQi72jY=
github.com/rivo/uniseg v0.2.0/go.mod h1:J6wj4VEh+S6ZtnVlnTBMWIodfgj8LQOQFoIToxlJtxc=
